
Microsoft Visual Studio Solution File, Format Version 12.00
# Visual Studio 2012
Project("{FAE04EC0-301F-11D3-BF4B-00C04F79EFBC}") = "CLI", "CLI\CLI.csproj", "{034A5E3B-E63E-4BDE-991F-78511794E343}"
EndProject
Project("{FAE04EC0-301F-11D3-BF4B-00C04F79EFBC}") = "Control", "Control\Control.csproj", "{F6964FE5-0263-4AC0-849C-458A10AB0839}"
EndProject
Project("{FAE04EC0-301F-11D3-BF4B-00C04F79EFBC}") = "CommonLib", "CommonLib\CommonLib.csproj", "{AFC5D06D-4694-484A-A0B6-5C6C3FBB0756}"
EndProject
Project("{FAE04EC0-301F-11D3-BF4B-00C04F79EFBC}") = "EngineTest", "EngineTest\EngineTest.csproj", "{57C80D94-544D-464C-B794-058349C7D510}"
EndProject
Project("{FAE04EC0-301F-11D3-BF4B-00C04F79EFBC}") = "Engine", "Engine\Engine.csproj", "{5B9FB1C8-F041-4128-9116-F0BE61B17049}"
EndProject
Project("{FAE04EC0-301F-11D3-BF4B-00C04F79EFBC}") = "ControlTest", "ControlTest\ControlTest.csproj", "{F3ED53C1-D3D6-45E5-ACC0-3B17C6BCBE58}"
EndProject
Global
	GlobalSection(SolutionConfigurationPlatforms) = preSolution
		Debug|Any CPU = Debug|Any CPU
		Release|Any CPU = Release|Any CPU
	EndGlobalSection
	GlobalSection(ProjectConfigurationPlatforms) = postSolution
		{034A5E3B-E63E-4BDE-991F-78511794E343}.Debug|Any CPU.ActiveCfg = Debug|Any CPU
		{034A5E3B-E63E-4BDE-991F-78511794E343}.Debug|Any CPU.Build.0 = Debug|Any CPU
		{034A5E3B-E63E-4BDE-991F-78511794E343}.Release|Any CPU.ActiveCfg = Release|Any CPU
		{034A5E3B-E63E-4BDE-991F-78511794E343}.Release|Any CPU.Build.0 = Release|Any CPU
		{F6964FE5-0263-4AC0-849C-458A10AB0839}.Debug|Any CPU.ActiveCfg = Debug|Any CPU
		{F6964FE5-0263-4AC0-849C-458A10AB0839}.Debug|Any CPU.Build.0 = Debug|Any CPU
		{F6964FE5-0263-4AC0-849C-458A10AB0839}.Release|Any CPU.ActiveCfg = Release|Any CPU
		{F6964FE5-0263-4AC0-849C-458A10AB0839}.Release|Any CPU.Build.0 = Release|Any CPU
		{AFC5D06D-4694-484A-A0B6-5C6C3FBB0756}.Debug|Any CPU.ActiveCfg = Debug|Any CPU
		{AFC5D06D-4694-484A-A0B6-5C6C3FBB0756}.Debug|Any CPU.Build.0 = Debug|Any CPU
		{AFC5D06D-4694-484A-A0B6-5C6C3FBB0756}.Release|Any CPU.ActiveCfg = Release|Any CPU
		{AFC5D06D-4694-484A-A0B6-5C6C3FBB0756}.Release|Any CPU.Build.0 = Release|Any CPU
		{57C80D94-544D-464C-B794-058349C7D510}.Debug|Any CPU.ActiveCfg = Debug|Any CPU
		{57C80D94-544D-464C-B794-058349C7D510}.Debug|Any CPU.Build.0 = Debug|Any CPU
		{57C80D94-544D-464C-B794-058349C7D510}.Release|Any CPU.ActiveCfg = Release|Any CPU
		{57C80D94-544D-464C-B794-058349C7D510}.Release|Any CPU.Build.0 = Release|Any CPU
		{5B9FB1C8-F041-4128-9116-F0BE61B17049}.Debug|Any CPU.ActiveCfg = Debug|Any CPU
		{5B9FB1C8-F041-4128-9116-F0BE61B17049}.Debug|Any CPU.Build.0 = Debug|Any CPU
		{5B9FB1C8-F041-4128-9116-F0BE61B17049}.Release|Any CPU.ActiveCfg = Release|Any CPU
		{5B9FB1C8-F041-4128-9116-F0BE61B17049}.Release|Any CPU.Build.0 = Release|Any CPU
		{F3ED53C1-D3D6-45E5-ACC0-3B17C6BCBE58}.Debug|Any CPU.ActiveCfg = Debug|Any CPU
		{F3ED53C1-D3D6-45E5-ACC0-3B17C6BCBE58}.Debug|Any CPU.Build.0 = Debug|Any CPU
		{F3ED53C1-D3D6-45E5-ACC0-3B17C6BCBE58}.Release|Any CPU.ActiveCfg = Release|Any CPU
		{F3ED53C1-D3D6-45E5-ACC0-3B17C6BCBE58}.Release|Any CPU.Build.0 = Release|Any CPU
	EndGlobalSection
	GlobalSection(SolutionProperties) = preSolution
		HideSolutionNode = FALSE
	EndGlobalSection
EndGlobal
